
Microsoft Visual Studio Solution File, Format Version 12.00
# Visual Studio Version 16
VisualStudioVersion = 16.0.29806.167
MinimumVisualStudioVersion = 10.0.40219.1
Project("{FAE04EC0-301F-11D3-BF4B-00C04F79EFBC}") = "[OLC1]Proyecto1_201314007", "[OLC1]Proyecto1_201314007\[OLC1]Proyecto1_201314007.csproj", "{27953586-A563-4F82-A4A4-DFBEC870E68F}"
EndProject
Global
	GlobalSection(SolutionConfigurationPlatforms) = preSolution
		Debug|Any CPU = Debug|Any CPU
		Release|Any CPU = Release|Any CPU
	EndGlobalSection
	GlobalSection(ProjectConfigurationPlatforms) = postSolution
		{27953586-A563-4F82-A4A4-DFBEC870E68F}.Debug|Any CPU.ActiveCfg = Debug|Any CPU
		{27953586-A563-4F82-A4A4-DFBEC870E68F}.Debug|Any CPU.Build.0 = Debug|Any CPU
		{27953586-A563-4F82-A4A4-DFBEC870E68F}.Release|Any CPU.ActiveCfg = Release|Any CPU
		{27953586-A563-4F82-A4A4-DFBEC870E68F}.Release|Any CPU.Build.0 = Release|Any CPU
	EndGlobalSection
	GlobalSection(SolutionProperties) = preSolution
		HideSolutionNode = FALSE
	EndGlobalSection
	GlobalSection(ExtensibilityGlobals) = postSolution
		SolutionGuid = {F3808C24-77B0-4882-A26F-6CC3423CFDB9}
	EndGlobalSection
EndGlobal
